
Microsoft Visual Studio Solution File, Format Version 12.00
# Visual Studio Version 17
VisualStudioVersion = 17.0.31903.59
MinimumVisualStudioVersion = 10.0.40219.1
Project("{FAE04EC0-301F-11D3-BF4B-00C04F79EFBC}") = "Content App POC", "Content App POC\Content App POC.csproj", "{9EA69F1E-9754-46A6-8781-B68D83BF287E}"
EndProject
Project("{2150E333-8FDC-42A3-9474-1A3956D46DE8}") = "CommentsMgt", "CommentsMgt", "{6E3F698B-8618-4B9A-B32D-15B4B6C2F33E}"
EndProject
Project("{2150E333-8FDC-42A3-9474-1A3956D46DE8}") = "API", "API", "{8C358B66-3C3B-43F2-AD6D-0F1556313DAC}"
EndProject
Project("{2150E333-8FDC-42A3-9474-1A3956D46DE8}") = "Core", "Core", "{6D891975-3214-4CA2-BE88-75D299BCFE82}"
EndProject
Project("{2150E333-8FDC-42A3-9474-1A3956D46DE8}") = "Infrastructure", "Infrastructure", "{EBCDCD0F-221F-4980-AD88-A198FE8D9B3C}"
EndProject
Project("{FAE04EC0-301F-11D3-BF4B-00C04F79EFBC}") = "CommentsMgt.Domain", "CommentsMgt.Domain\CommentsMgt.Domain.csproj", "{7BA1046C-08DE-49E8-A027-3901F7BFB51E}"
EndProject
Project("{FAE04EC0-301F-11D3-BF4B-00C04F79EFBC}") = "CommentsMgt.Infra", "CommentsMgt.Infra\CommentsMgt.Infra.csproj", "{36E281AF-9D76-493D-8EB5-2B10715E81F8}"
EndProject
Project("{2150E333-8FDC-42A3-9474-1A3956D46DE8}") = "Shared", "Shared", "{EDBE6A1B-BAC3-4ABE-A667-E0A9C3697C7A}"
EndProject
Project("{FAE04EC0-301F-11D3-BF4B-00C04F79EFBC}") = "CommentsMgt.DTOs", "CommentsMgt.DTO\CommentsMgt.DTOs.csproj", "{CDB233D9-FBE8-46B8-BDB0-E0935896E52E}"
EndProject
Project("{FAE04EC0-301F-11D3-BF4B-00C04F79EFBC}") = "CommentsMgt.Application", "CommentsMgt.Application\CommentsMgt.Application.csproj", "{3EF841A7-BF91-48C0-8873-2F7C7F11755F}"
EndProject
Project("{FAE04EC0-301F-11D3-BF4B-00C04F79EFBC}") = "CommentsMgt.API", "CommentsMgt.API\CommentsMgt.API.csproj", "{A706FFBB-CD01-49C4-8505-710E2BAA373C}"
EndProject
Global
	GlobalSection(SolutionConfigurationPlatforms) = preSolution
		Debug|Any CPU = Debug|Any CPU
		Release|Any CPU = Release|Any CPU
	EndGlobalSection
	GlobalSection(ProjectConfigurationPlatforms) = postSolution
		{9EA69F1E-9754-46A6-8781-B68D83BF287E}.Debug|Any CPU.ActiveCfg = Debug|Any CPU
		{9EA69F1E-9754-46A6-8781-B68D83BF287E}.Debug|Any CPU.Build.0 = Debug|Any CPU
		{9EA69F1E-9754-46A6-8781-B68D83BF287E}.Release|Any CPU.ActiveCfg = Release|Any CPU
		{9EA69F1E-9754-46A6-8781-B68D83BF287E}.Release|Any CPU.Build.0 = Release|Any CPU
		{7BA1046C-08DE-49E8-A027-3901F7BFB51E}.Debug|Any CPU.ActiveCfg = Debug|Any CPU
		{7BA1046C-08DE-49E8-A027-3901F7BFB51E}.Debug|Any CPU.Build.0 = Debug|Any CPU
		{7BA1046C-08DE-49E8-A027-3901F7BFB51E}.Release|Any CPU.ActiveCfg = Release|Any CPU
		{7BA1046C-08DE-49E8-A027-3901F7BFB51E}.Release|Any CPU.Build.0 = Release|Any CPU
		{36E281AF-9D76-493D-8EB5-2B10715E81F8}.Debug|Any CPU.ActiveCfg = Debug|Any CPU
		{36E281AF-9D76-493D-8EB5-2B10715E81F8}.Debug|Any CPU.Build.0 = Debug|Any CPU
		{36E281AF-9D76-493D-8EB5-2B10715E81F8}.Release|Any CPU.ActiveCfg = Release|Any CPU
		{36E281AF-9D76-493D-8EB5-2B10715E81F8}.Release|Any CPU.Build.0 = Release|Any CPU
		{CDB233D9-FBE8-46B8-BDB0-E0935896E52E}.Debug|Any CPU.ActiveCfg = Debug|Any CPU
		{CDB233D9-FBE8-46B8-BDB0-E0935896E52E}.Debug|Any CPU.Build.0 = Debug|Any CPU
		{CDB233D9-FBE8-46B8-BDB0-E0935896E52E}.Release|Any CPU.ActiveCfg = Release|Any CPU
		{CDB233D9-FBE8-46B8-BDB0-E0935896E52E}.Release|Any CPU.Build.0 = Release|Any CPU
		{3EF841A7-BF91-48C0-8873-2F7C7F11755F}.Debug|Any CPU.ActiveCfg = Debug|Any CPU
		{3EF841A7-BF91-48C0-8873-2F7C7F11755F}.Debug|Any CPU.Build.0 = Debug|Any CPU
		{3EF841A7-BF91-48C0-8873-2F7C7F11755F}.Release|Any CPU.ActiveCfg = Release|Any CPU
		{3EF841A7-BF91-48C0-8873-2F7C7F11755F}.Release|Any CPU.Build.0 = Release|Any CPU
		{A706FFBB-CD01-49C4-8505-710E2BAA373C}.Debug|Any CPU.ActiveCfg = Debug|Any CPU
		{A706FFBB-CD01-49C4-8505-710E2BAA373C}.Debug|Any CPU.Build.0 = Debug|Any CPU
		{A706FFBB-CD01-49C4-8505-710E2BAA373C}.Release|Any CPU.ActiveCfg = Release|Any CPU
		{A706FFBB-CD01-49C4-8505-710E2BAA373C}.Release|Any CPU.Build.0 = Release|Any CPU
	EndGlobalSection
	GlobalSection(SolutionProperties) = preSolution
		HideSolutionNode = FALSE
	EndGlobalSection
	GlobalSection(NestedProjects) = preSolution
		{8C358B66-3C3B-43F2-AD6D-0F1556313DAC} = {6E3F698B-8618-4B9A-B32D-15B4B6C2F33E}
		{6D891975-3214-4CA2-BE88-75D299BCFE82} = {6E3F698B-8618-4B9A-B32D-15B4B6C2F33E}
		{EBCDCD0F-221F-4980-AD88-A198FE8D9B3C} = {6E3F698B-8618-4B9A-B32D-15B4B6C2F33E}
		{7BA1046C-08DE-49E8-A027-3901F7BFB51E} = {6D891975-3214-4CA2-BE88-75D299BCFE82}
		{36E281AF-9D76-493D-8EB5-2B10715E81F8} = {EBCDCD0F-221F-4980-AD88-A198FE8D9B3C}
		{EDBE6A1B-BAC3-4ABE-A667-E0A9C3697C7A} = {6E3F698B-8618-4B9A-B32D-15B4B6C2F33E}
		{CDB233D9-FBE8-46B8-BDB0-E0935896E52E} = {EDBE6A1B-BAC3-4ABE-A667-E0A9C3697C7A}
		{3EF841A7-BF91-48C0-8873-2F7C7F11755F} = {6D891975-3214-4CA2-BE88-75D299BCFE82}
		{A706FFBB-CD01-49C4-8505-710E2BAA373C} = {8C358B66-3C3B-43F2-AD6D-0F1556313DAC}
	EndGlobalSection
EndGlobal
