
Microsoft Visual Studio Solution File, Format Version 12.00
# Visual Studio Version 17
VisualStudioVersion = 17.0.31903.59
MinimumVisualStudioVersion = 10.0.40219.1
Project("{FAE04EC0-301F-11D3-BF4B-00C04F79EFBC}") = "Content App POC", "Content App POC\Content App POC.csproj", "{9EA69F1E-9754-46A6-8781-B68D83BF287E}"
EndProject
Project("{2150E333-8FDC-42A3-9474-1A3956D46DE8}") = "Comments Mgt", "Comments Mgt", "{77BE4E19-0EE0-4C88-9CB4-9E25318D8994}"
EndProject
Project("{FAE04EC0-301F-11D3-BF4B-00C04F79EFBC}") = "CommentsMgt_Domain", "CommentsMgt_Domain\CommentsMgt_Domain.csproj", "{A4673624-D3BC-4259-97D4-0054C4176229}"
EndProject
Project("{2150E333-8FDC-42A3-9474-1A3956D46DE8}") = "API", "API", "{6EC6ADFB-1CB9-44DE-9614-8657676AD1AC}"
EndProject
Project("{2150E333-8FDC-42A3-9474-1A3956D46DE8}") = "Core", "Core", "{6FC27053-3D0A-41FB-B63E-AD3A70601534}"
EndProject
Project("{2150E333-8FDC-42A3-9474-1A3956D46DE8}") = "Infrastructure", "Infrastructure", "{8A9AFD8E-E590-4F2E-A221-31F761F6134D}"
EndProject
Project("{FAE04EC0-301F-11D3-BF4B-00C04F79EFBC}") = "CommentsMgt_Infra", "CommentsMgt_Infra\CommentsMgt_Infra.csproj", "{37E65AE3-4220-4BA7-9750-1D2F2A8BFDEE}"
EndProject
Project("{FAE04EC0-301F-11D3-BF4B-00C04F79EFBC}") = "CommentsMgt_Application", "CommentsMgt_Application\CommentsMgt_Application.csproj", "{50FC1C36-9AF0-4EE0-8EAF-B64AE943539E}"
EndProject
Project("{FAE04EC0-301F-11D3-BF4B-00C04F79EFBC}") = "CommentsMgt_API", "CommentsMgt_API\CommentsMgt_API.csproj", "{DDC0CDCA-353C-4761-99FB-C70A64FAF119}"
EndProject
Global
	GlobalSection(SolutionConfigurationPlatforms) = preSolution
		Debug|Any CPU = Debug|Any CPU
		Release|Any CPU = Release|Any CPU
	EndGlobalSection
	GlobalSection(ProjectConfigurationPlatforms) = postSolution
		{9EA69F1E-9754-46A6-8781-B68D83BF287E}.Debug|Any CPU.ActiveCfg = Debug|Any CPU
		{9EA69F1E-9754-46A6-8781-B68D83BF287E}.Debug|Any CPU.Build.0 = Debug|Any CPU
		{9EA69F1E-9754-46A6-8781-B68D83BF287E}.Release|Any CPU.ActiveCfg = Release|Any CPU
		{9EA69F1E-9754-46A6-8781-B68D83BF287E}.Release|Any CPU.Build.0 = Release|Any CPU
		{A4673624-D3BC-4259-97D4-0054C4176229}.Debug|Any CPU.ActiveCfg = Debug|Any CPU
		{A4673624-D3BC-4259-97D4-0054C4176229}.Debug|Any CPU.Build.0 = Debug|Any CPU
		{A4673624-D3BC-4259-97D4-0054C4176229}.Release|Any CPU.ActiveCfg = Release|Any CPU
		{A4673624-D3BC-4259-97D4-0054C4176229}.Release|Any CPU.Build.0 = Release|Any CPU
		{37E65AE3-4220-4BA7-9750-1D2F2A8BFDEE}.Debug|Any CPU.ActiveCfg = Debug|Any CPU
		{37E65AE3-4220-4BA7-9750-1D2F2A8BFDEE}.Debug|Any CPU.Build.0 = Debug|Any CPU
		{37E65AE3-4220-4BA7-9750-1D2F2A8BFDEE}.Release|Any CPU.ActiveCfg = Release|Any CPU
		{37E65AE3-4220-4BA7-9750-1D2F2A8BFDEE}.Release|Any CPU.Build.0 = Release|Any CPU
		{50FC1C36-9AF0-4EE0-8EAF-B64AE943539E}.Debug|Any CPU.ActiveCfg = Debug|Any CPU
		{50FC1C36-9AF0-4EE0-8EAF-B64AE943539E}.Debug|Any CPU.Build.0 = Debug|Any CPU
		{50FC1C36-9AF0-4EE0-8EAF-B64AE943539E}.Release|Any CPU.ActiveCfg = Release|Any CPU
		{50FC1C36-9AF0-4EE0-8EAF-B64AE943539E}.Release|Any CPU.Build.0 = Release|Any CPU
		{DDC0CDCA-353C-4761-99FB-C70A64FAF119}.Debug|Any CPU.ActiveCfg = Debug|Any CPU
		{DDC0CDCA-353C-4761-99FB-C70A64FAF119}.Debug|Any CPU.Build.0 = Debug|Any CPU
		{DDC0CDCA-353C-4761-99FB-C70A64FAF119}.Release|Any CPU.ActiveCfg = Release|Any CPU
		{DDC0CDCA-353C-4761-99FB-C70A64FAF119}.Release|Any CPU.Build.0 = Release|Any CPU
	EndGlobalSection
	GlobalSection(SolutionProperties) = preSolution
		HideSolutionNode = FALSE
	EndGlobalSection
	GlobalSection(NestedProjects) = preSolution
		{A4673624-D3BC-4259-97D4-0054C4176229} = {6FC27053-3D0A-41FB-B63E-AD3A70601534}
		{6EC6ADFB-1CB9-44DE-9614-8657676AD1AC} = {77BE4E19-0EE0-4C88-9CB4-9E25318D8994}
		{6FC27053-3D0A-41FB-B63E-AD3A70601534} = {77BE4E19-0EE0-4C88-9CB4-9E25318D8994}
		{8A9AFD8E-E590-4F2E-A221-31F761F6134D} = {77BE4E19-0EE0-4C88-9CB4-9E25318D8994}
		{37E65AE3-4220-4BA7-9750-1D2F2A8BFDEE} = {8A9AFD8E-E590-4F2E-A221-31F761F6134D}
		{50FC1C36-9AF0-4EE0-8EAF-B64AE943539E} = {6FC27053-3D0A-41FB-B63E-AD3A70601534}
		{DDC0CDCA-353C-4761-99FB-C70A64FAF119} = {6EC6ADFB-1CB9-44DE-9614-8657676AD1AC}
	EndGlobalSection
EndGlobal
